
Microsoft Visual Studio Solution File, Format Version 12.00
# Visual Studio 15
VisualStudioVersion = 15.0.28307.1022
MinimumVisualStudioVersion = 10.0.40219.1
Project("{8BC9CEB8-8B4A-11D0-8D11-00A0C91BC942}") = "samples", "machine-vision-algorithms-library\machine-vision-algorithms-library.vcxproj", "{A3637C7D-79DA-4CF5-B090-A5B0EDEE8CEA}"
EndProject
Project("{8BC9CEB8-8B4A-11D0-8D11-00A0C91BC942}") = "libinfo", "libinfo\libinfo.vcxproj", "{006A7E3D-11E6-446B-9F07-3BC3FD8F4544}"
EndProject
Project("{8BC9CEB8-8B4A-11D0-8D11-00A0C91BC942}") = "libinfo_test", "libinfo_test\libinfo_test.vcxproj", "{083CD92A-45E3-477B-9EEE-4903897050EB}"
EndProject
Project("{8BC9CEB8-8B4A-11D0-8D11-00A0C91BC942}") = "blobdetect", "blobdetect\blobdetect.vcxproj", "{DE84877F-06DF-41D2-AD22-02E0B0FCA6B7}"
EndProject
Project("{8BC9CEB8-8B4A-11D0-8D11-00A0C91BC942}") = "blobdetect_test", "blobdetect_test\blobdetect_test.vcxproj", "{788F3306-AC61-432A-A869-06325F6C1E25}"
EndProject
Project("{8BC9CEB8-8B4A-11D0-8D11-00A0C91BC942}") = "caliper", "caliper\caliper.vcxproj", "{08B45D06-A8BD-45EF-8B07-46B90353C4C0}"
EndProject
Project("{8BC9CEB8-8B4A-11D0-8D11-00A0C91BC942}") = "caliper_test", "caliper_test\caliper_test.vcxproj", "{A57BCC58-D66C-447C-849B-75C0E21B595F}"
EndProject
Project("{8BC9CEB8-8B4A-11D0-8D11-00A0C91BC942}") = "linefit", "linefit\linefit.vcxproj", "{FA3845DB-073F-4697-9AC0-9A896FB35C54}"
EndProject
Project("{8BC9CEB8-8B4A-11D0-8D11-00A0C91BC942}") = "linefit_test", "linefit_test\linefit_test.vcxproj", "{CB4F9F0F-EF40-42C4-9EB2-BF75DA46383E}"
EndProject
Project("{8BC9CEB8-8B4A-11D0-8D11-00A0C91BC942}") = "debugtool", "debugtool\debugtool.vcxproj", "{975220A1-F56A-4C7A-8B2D-BA8860F95CFA}"
EndProject
Global
	GlobalSection(SolutionConfigurationPlatforms) = preSolution
		Debug|x64 = Debug|x64
		Debug|x86 = Debug|x86
		Release|x64 = Release|x64
		Release|x86 = Release|x86
	EndGlobalSection
	GlobalSection(ProjectConfigurationPlatforms) = postSolution
		{A3637C7D-79DA-4CF5-B090-A5B0EDEE8CEA}.Debug|x64.ActiveCfg = Debug|x64
		{A3637C7D-79DA-4CF5-B090-A5B0EDEE8CEA}.Debug|x64.Build.0 = Debug|x64
		{A3637C7D-79DA-4CF5-B090-A5B0EDEE8CEA}.Debug|x86.ActiveCfg = Debug|Win32
		{A3637C7D-79DA-4CF5-B090-A5B0EDEE8CEA}.Debug|x86.Build.0 = Debug|Win32
		{A3637C7D-79DA-4CF5-B090-A5B0EDEE8CEA}.Release|x64.ActiveCfg = Release|x64
		{A3637C7D-79DA-4CF5-B090-A5B0EDEE8CEA}.Release|x64.Build.0 = Release|x64
		{A3637C7D-79DA-4CF5-B090-A5B0EDEE8CEA}.Release|x86.ActiveCfg = Release|Win32
		{A3637C7D-79DA-4CF5-B090-A5B0EDEE8CEA}.Release|x86.Build.0 = Release|Win32
		{006A7E3D-11E6-446B-9F07-3BC3FD8F4544}.Debug|x64.ActiveCfg = Debug|x64
		{006A7E3D-11E6-446B-9F07-3BC3FD8F4544}.Debug|x64.Build.0 = Debug|x64
		{006A7E3D-11E6-446B-9F07-3BC3FD8F4544}.Debug|x86.ActiveCfg = Debug|Win32
		{006A7E3D-11E6-446B-9F07-3BC3FD8F4544}.Debug|x86.Build.0 = Debug|Win32
		{006A7E3D-11E6-446B-9F07-3BC3FD8F4544}.Release|x64.ActiveCfg = Release|x64
		{006A7E3D-11E6-446B-9F07-3BC3FD8F4544}.Release|x64.Build.0 = Release|x64
		{006A7E3D-11E6-446B-9F07-3BC3FD8F4544}.Release|x86.ActiveCfg = Release|Win32
		{006A7E3D-11E6-446B-9F07-3BC3FD8F4544}.Release|x86.Build.0 = Release|Win32
		{083CD92A-45E3-477B-9EEE-4903897050EB}.Debug|x64.ActiveCfg = Debug|x64
		{083CD92A-45E3-477B-9EEE-4903897050EB}.Debug|x64.Build.0 = Debug|x64
		{083CD92A-45E3-477B-9EEE-4903897050EB}.Debug|x86.ActiveCfg = Debug|Win32
		{083CD92A-45E3-477B-9EEE-4903897050EB}.Debug|x86.Build.0 = Debug|Win32
		{083CD92A-45E3-477B-9EEE-4903897050EB}.Release|x64.ActiveCfg = Release|x64
		{083CD92A-45E3-477B-9EEE-4903897050EB}.Release|x64.Build.0 = Release|x64
		{083CD92A-45E3-477B-9EEE-4903897050EB}.Release|x86.ActiveCfg = Release|Win32
		{083CD92A-45E3-477B-9EEE-4903897050EB}.Release|x86.Build.0 = Release|Win32
		{DE84877F-06DF-41D2-AD22-02E0B0FCA6B7}.Debug|x64.ActiveCfg = Debug|x64
		{DE84877F-06DF-41D2-AD22-02E0B0FCA6B7}.Debug|x64.Build.0 = Debug|x64
		{DE84877F-06DF-41D2-AD22-02E0B0FCA6B7}.Debug|x86.ActiveCfg = Debug|Win32
		{DE84877F-06DF-41D2-AD22-02E0B0FCA6B7}.Debug|x86.Build.0 = Debug|Win32
		{DE84877F-06DF-41D2-AD22-02E0B0FCA6B7}.Release|x64.ActiveCfg = Release|x64
		{DE84877F-06DF-41D2-AD22-02E0B0FCA6B7}.Release|x64.Build.0 = Release|x64
		{DE84877F-06DF-41D2-AD22-02E0B0FCA6B7}.Release|x86.ActiveCfg = Release|Win32
		{DE84877F-06DF-41D2-AD22-02E0B0FCA6B7}.Release|x86.Build.0 = Release|Win32
		{788F3306-AC61-432A-A869-06325F6C1E25}.Debug|x64.ActiveCfg = Debug|x64
		{788F3306-AC61-432A-A869-06325F6C1E25}.Debug|x64.Build.0 = Debug|x64
		{788F3306-AC61-432A-A869-06325F6C1E25}.Debug|x86.ActiveCfg = Debug|Win32
		{788F3306-AC61-432A-A869-06325F6C1E25}.Debug|x86.Build.0 = Debug|Win32
		{788F3306-AC61-432A-A869-06325F6C1E25}.Release|x64.ActiveCfg = Release|x64
		{788F3306-AC61-432A-A869-06325F6C1E25}.Release|x64.Build.0 = Release|x64
		{788F3306-AC61-432A-A869-06325F6C1E25}.Release|x86.ActiveCfg = Release|Win32
		{788F3306-AC61-432A-A869-06325F6C1E25}.Release|x86.Build.0 = Release|Win32
		{08B45D06-A8BD-45EF-8B07-46B90353C4C0}.Debug|x64.ActiveCfg = Debug|x64
		{08B45D06-A8BD-45EF-8B07-46B90353C4C0}.Debug|x64.Build.0 = Debug|x64
		{08B45D06-A8BD-45EF-8B07-46B90353C4C0}.Debug|x86.ActiveCfg = Debug|Win32
		{08B45D06-A8BD-45EF-8B07-46B90353C4C0}.Debug|x86.Build.0 = Debug|Win32
		{08B45D06-A8BD-45EF-8B07-46B90353C4C0}.Release|x64.ActiveCfg = Release|x64
		{08B45D06-A8BD-45EF-8B07-46B90353C4C0}.Release|x64.Build.0 = Release|x64
		{08B45D06-A8BD-45EF-8B07-46B90353C4C0}.Release|x86.ActiveCfg = Release|Win32
		{08B45D06-A8BD-45EF-8B07-46B90353C4C0}.Release|x86.Build.0 = Release|Win32
		{A57BCC58-D66C-447C-849B-75C0E21B595F}.Debug|x64.ActiveCfg = Debug|x64
		{A57BCC58-D66C-447C-849B-75C0E21B595F}.Debug|x64.Build.0 = Debug|x64
		{A57BCC58-D66C-447C-849B-75C0E21B595F}.Debug|x86.ActiveCfg = Debug|Win32
		{A57BCC58-D66C-447C-849B-75C0E21B595F}.Debug|x86.Build.0 = Debug|Win32
		{A57BCC58-D66C-447C-849B-75C0E21B595F}.Release|x64.ActiveCfg = Release|x64
		{A57BCC58-D66C-447C-849B-75C0E21B595F}.Release|x64.Build.0 = Release|x64
		{A57BCC58-D66C-447C-849B-75C0E21B595F}.Release|x86.ActiveCfg = Release|Win32
		{A57BCC58-D66C-447C-849B-75C0E21B595F}.Release|x86.Build.0 = Release|Win32
		{FA3845DB-073F-4697-9AC0-9A896FB35C54}.Debug|x64.ActiveCfg = Debug|x64
		{FA3845DB-073F-4697-9AC0-9A896FB35C54}.Debug|x64.Build.0 = Debug|x64
		{FA3845DB-073F-4697-9AC0-9A896FB35C54}.Debug|x86.ActiveCfg = Debug|Win32
		{FA3845DB-073F-4697-9AC0-9A896FB35C54}.Debug|x86.Build.0 = Debug|Win32
		{FA3845DB-073F-4697-9AC0-9A896FB35C54}.Release|x64.ActiveCfg = Release|x64
		{FA3845DB-073F-4697-9AC0-9A896FB35C54}.Release|x64.Build.0 = Release|x64
		{FA3845DB-073F-4697-9AC0-9A896FB35C54}.Release|x86.ActiveCfg = Release|Win32
		{FA3845DB-073F-4697-9AC0-9A896FB35C54}.Release|x86.Build.0 = Release|Win32
		{CB4F9F0F-EF40-42C4-9EB2-BF75DA46383E}.Debug|x64.ActiveCfg = Debug|x64
		{CB4F9F0F-EF40-42C4-9EB2-BF75DA46383E}.Debug|x64.Build.0 = Debug|x64
		{CB4F9F0F-EF40-42C4-9EB2-BF75DA46383E}.Debug|x86.ActiveCfg = Debug|Win32
		{CB4F9F0F-EF40-42C4-9EB2-BF75DA46383E}.Debug|x86.Build.0 = Debug|Win32
		{CB4F9F0F-EF40-42C4-9EB2-BF75DA46383E}.Release|x64.ActiveCfg = Release|x64
		{CB4F9F0F-EF40-42C4-9EB2-BF75DA46383E}.Release|x64.Build.0 = Release|x64
		{CB4F9F0F-EF40-42C4-9EB2-BF75DA46383E}.Release|x86.ActiveCfg = Release|Win32
		{CB4F9F0F-EF40-42C4-9EB2-BF75DA46383E}.Release|x86.Build.0 = Release|Win32
		{975220A1-F56A-4C7A-8B2D-BA8860F95CFA}.Debug|x64.ActiveCfg = Debug|x64
		{975220A1-F56A-4C7A-8B2D-BA8860F95CFA}.Debug|x64.Build.0 = Debug|x64
		{975220A1-F56A-4C7A-8B2D-BA8860F95CFA}.Debug|x86.ActiveCfg = Debug|Win32
		{975220A1-F56A-4C7A-8B2D-BA8860F95CFA}.Debug|x86.Build.0 = Debug|Win32
		{975220A1-F56A-4C7A-8B2D-BA8860F95CFA}.Release|x64.ActiveCfg = Release|x64
		{975220A1-F56A-4C7A-8B2D-BA8860F95CFA}.Release|x64.Build.0 = Release|x64
		{975220A1-F56A-4C7A-8B2D-BA8860F95CFA}.Release|x86.ActiveCfg = Release|Win32
		{975220A1-F56A-4C7A-8B2D-BA8860F95CFA}.Release|x86.Build.0 = Release|Win32
	EndGlobalSection
	GlobalSection(SolutionProperties) = preSolution
		HideSolutionNode = FALSE
	EndGlobalSection
	GlobalSection(ExtensibilityGlobals) = postSolution
		SolutionGuid = {8902AF1F-FD51-4690-ADC5-90C2F66BB78C}
	EndGlobalSection
EndGlobal
